{
  "name": "@exory-playground/my-js-lib1",
  "version": "0.0.3",
  "lockfileVersion": 3,
  "requires": true,
  "packages": {
    "": {
      "name": "@exory-playground/my-js-lib1",
      "version": "0.0.3",
      "license": "ISC",
      "devDependencies": {
        "@anio-software/enkore": "^0.0.151",
        "@anio-software/enkore.core": "^0.11.20",
        "@anio-software/enkore.target-js-none": "^0.0.275-canary-875a8348-9aa2284a"
      }
    },
    "node_modules/@anio-software/enkore": {
      "version": "0.0.151",
      "resolved": "https://npm-registry.anio.software/@anio-software/enkore/-/enkore-0.0.151.tgz",
      "integrity": "sha512-09XSLEaqGGwgxxM9jkS0T1ITKdZ7rXTrXG3EFWQvzcQ4z+aJ9QCggktyDh+d7NNnfWm0R8h/ypKCJF+3nZDQOQ==",
      "dev": true,
      "license": "MIT",
      "bin": {
        "enkore": "bin/enkore.mjs"
      },
      "engines": {
        "node": ">=23.6.x"
      }
    },
    "node_modules/@anio-software/enkore.core": {
      "version": "0.11.20",
      "resolved": "https://npm-registry.anio.software/@anio-software/enkore.core/-/enkore.core-0.11.20.tgz",
      "integrity": "sha512-S85ktTNSyu1wrvHz9Dgavqmt6oYgzfeywLRyJH7bjfFOIstRQAQUOqkmFDqWOX73OroiaKuodwtAB3PJf2dNow==",
      "dev": true,
      "license": "MIT",
      "engines": {
        "node": ">=23.6.x"
      }
    },
    "node_modules/@anio-software/enkore.js-runtime": {
      "version": "0.0.9",
      "resolved": "https://npm-registry.anio.software/@anio-software/enkore.js-runtime/-/enkore.js-runtime-0.0.9.tgz",
      "integrity": "sha512-cMhQUgdBI2tXXN803kb1JZbQI4oPO9ZoCxvag7kOZby79AdGrDX/NG3D/B59eYUVla12rL1rwF96z0Eqc2VE2A==",
      "dev": true,
      "license": "MIT",
      "peer": true,
      "engines": {
        "node": ">=23.6.x"
      }
    },
    "node_modules/@anio-software/enkore.target-js-none": {
      "version": "0.0.275-canary-875a8348-9aa2284a",
      "resolved": "https://npm-registry.anio.software/@anio-software/enkore.target-js-none/-/enkore.target-js-none-0.0.275-canary-875a8348-9aa2284a.tgz",
      "integrity": "sha512-fk/wNCn4980ITRFo9SpRT0y4p8k5i9knAYG8YB3jGYk4eOyHlEYrGozX2RdcK+CR/ePqT0drFxdgL7fNzfbw9g==",
      "dev": true,
      "license": "MIT",
      "peerDependencies": {
        "@anio-software/enkore.js-runtime": ">=0.0.9",
        "@types/node": ">=22.7.x"
      }
    },
    "node_modules/@types/node": {
      "version": "24.0.3",
      "resolved": "https://registry.npmjs.org/@types/node/-/node-24.0.3.tgz",
      "integrity": "sha512-R4I/kzCYAdRLzfiCabn9hxWfbuHS573x+r0dJMkkzThEa7pbrcDWK+9zu3e7aBOouf+rQAciqPFMnxwr0aWgKg==",
      "dev": true,
      "license": "MIT",
      "peer": true,
      "dependencies": {
        "undici-types": "~7.8.0"
      }
    },
    "node_modules/undici-types": {
      "version": "7.8.0",
      "resolved": "https://registry.npmjs.org/undici-types/-/undici-types-7.8.0.tgz",
      "integrity": "sha512-9UJ2xGDvQ43tYyVMpuHlsgApydB8ZKfVYTsLDhXkFL/6gfkp+U8xTGdh8pMJv1SpZna0zxG1DwsKZsreLbXBxw==",
      "dev": true,
      "license": "MIT",
      "peer": true
    }
  }
}
