{
  "name": "@exory-playground/my-js-lib1",
  "version": "0.0.3",
  "lockfileVersion": 3,
  "requires": true,
  "packages": {
    "": {
      "name": "@exory-playground/my-js-lib1",
      "version": "0.0.3",
      "license": "ISC",
      "devDependencies": {
        "@anio-software/enkore": "^0.0.162-canary-cbabfc4c-be79b172",
        "@anio-software/enkore.core": "^0.11.22-canary-5564f69f-71984fdf",
        "@anio-software/enkore.target-js-none": "^0.0.287-canary-06bb2e97-7f5bc5cb"
      }
    },
    "node_modules/@anio-software/enkore": {
      "version": "0.0.162-canary-cbabfc4c-be79b172",
      "resolved": "https://npm-registry.anio.software/@anio-software/enkore/-/enkore-0.0.162-canary-cbabfc4c-be79b172.tgz",
      "integrity": "sha512-kUiu0+Kr8xprw+amr+I/dfqLrHkeI29yBb46KiAeMqSPTD2xvkw2VXeGzWtcT1ZlgTH0pIOho9tQtiecSmv/oA==",
      "dev": true,
      "license": "MIT",
      "bin": {
        "enkore": "bin/enkore.mjs"
      },
      "engines": {
        "node": ">=23.6.x"
      }
    },
    "node_modules/@anio-software/enkore.core": {
      "version": "0.11.22-canary-5564f69f-71984fdf",
      "resolved": "https://npm-registry.anio.software/@anio-software/enkore.core/-/enkore.core-0.11.22-canary-5564f69f-71984fdf.tgz",
      "integrity": "sha512-nS1tc9haDwslJgG68ZWZjsOGFxBw4yIx87sSps3lm/+xEJ+XUk5uSJiIAqI/lvTXlg05/CBH7Y1JCJe/16NSMg==",
      "dev": true,
      "license": "MIT",
      "engines": {
        "node": ">=23.6.x"
      }
    },
    "node_modules/@anio-software/enkore.js-runtime": {
      "version": "0.0.10",
      "resolved": "https://npm-registry.anio.software/@anio-software/enkore.js-runtime/-/enkore.js-runtime-0.0.10.tgz",
      "integrity": "sha512-oTdVmkkD4mYP3iU2PgwL6Jc0GKT1NPBiRGaLoc2RE921hDs9R7Ar4LHLOeWrHPTN/5YCykdp8QApckiRE0XjcA==",
      "dev": true,
      "license": "MIT",
      "peer": true,
      "engines": {
        "node": ">=23.6.x"
      }
    },
    "node_modules/@anio-software/enkore.target-js-none": {
      "version": "0.0.287-canary-06bb2e97-7f5bc5cb",
      "resolved": "https://npm-registry.anio.software/@anio-software/enkore.target-js-none/-/enkore.target-js-none-0.0.287-canary-06bb2e97-7f5bc5cb.tgz",
      "integrity": "sha512-9iO4GkLxc+826yEOQpO+UntWuaJXUoMyuljVt+mEnYdH6jcx/eiXkO/7wI1CFkw/uRPrOyGD6G/j+36L/zQdQQ==",
      "dev": true,
      "license": "MIT",
      "peerDependencies": {
        "@anio-software/enkore.js-runtime": ">=0.0.10",
        "@types/node": ">=22.7.x"
      }
    },
    "node_modules/@types/node": {
      "version": "24.0.3",
      "resolved": "https://registry.npmjs.org/@types/node/-/node-24.0.3.tgz",
      "integrity": "sha512-R4I/kzCYAdRLzfiCabn9hxWfbuHS573x+r0dJMkkzThEa7pbrcDWK+9zu3e7aBOouf+rQAciqPFMnxwr0aWgKg==",
      "dev": true,
      "license": "MIT",
      "peer": true,
      "dependencies": {
        "undici-types": "~7.8.0"
      }
    },
    "node_modules/undici-types": {
      "version": "7.8.0",
      "resolved": "https://registry.npmjs.org/undici-types/-/undici-types-7.8.0.tgz",
      "integrity": "sha512-9UJ2xGDvQ43tYyVMpuHlsgApydB8ZKfVYTsLDhXkFL/6gfkp+U8xTGdh8pMJv1SpZna0zxG1DwsKZsreLbXBxw==",
      "dev": true,
      "license": "MIT",
      "peer": true
    }
  }
}
