{
  "name": "@exory-playground/my-js-lib1",
  "version": "0.0.15",
  "lockfileVersion": 3,
  "requires": true,
  "packages": {
    "": {
      "name": "@exory-playground/my-js-lib1",
      "version": "0.0.15",
      "license": "ISC",
      "devDependencies": {
        "@anio-software/enkore": "^0.0.180",
        "@anio-software/enkore.core": "^0.12.0",
        "@anio-software/enkore.target-js-none": "^0.0.450-canary-3c9c4850-83d85a80"
      }
    },
    "node_modules/@anio-software/enkore": {
      "version": "0.0.180",
      "resolved": "https://npm-registry.anio.software/@anio-software/enkore/-/enkore-0.0.180.tgz",
      "integrity": "sha512-oZIUP2zSqJ0vmLBcwCLBPH0s3ZxJfRW/iTCNBB1owewlYZal2l8fWXVV5BFhPPd9E7O45r/hvq+vHIDRPh6+PA==",
      "dev": true,
      "license": "MIT",
      "bin": {
        "enkore": "bin/enkore.mjs"
      },
      "engines": {
        "node": ">=23.6.x"
      }
    },
    "node_modules/@anio-software/enkore.core": {
      "version": "0.12.0",
      "resolved": "https://npm-registry.anio.software/@anio-software/enkore.core/-/enkore.core-0.12.0.tgz",
      "integrity": "sha512-z5G494ZKUJYN6Xtanml7hU1h5B4/WZF1Hr7dVMVAvKPktfnPx+u6eK8UXDJ5ZPqFkL3rurbfppRWYudmI9EADA==",
      "dev": true,
      "license": "MIT",
      "engines": {
        "node": ">=23.6.x"
      }
    },
    "node_modules/@anio-software/enkore.js-runtime": {
      "version": "0.0.26",
      "resolved": "https://npm-registry.anio.software/@anio-software/enkore.js-runtime/-/enkore.js-runtime-0.0.26.tgz",
      "integrity": "sha512-YOZivQwMaJXoUzNPcLhMvLBUX4KMuVI/vVCc9u8/EXUwgRVJyvsGll3LwgxoBEtXllDqHJtxA63ORerolYQ2jg==",
      "dev": true,
      "license": "MIT",
      "peer": true,
      "engines": {
        "node": ">=23.6.x"
      }
    },
    "node_modules/@anio-software/enkore.target-js-none": {
      "version": "0.0.450-canary-3c9c4850-83d85a80",
      "resolved": "https://npm-registry.anio.software/@anio-software/enkore.target-js-none/-/enkore.target-js-none-0.0.450-canary-3c9c4850-83d85a80.tgz",
      "integrity": "sha512-6N/zkJ9XZWJdn3UgbWu8dhjsALmUXuFQ5okBdjzXbw9AWrdwyVwfdmvpocbBEQ5Cs5KELOsABNwZ4GqSY4XDgw==",
      "dev": true,
      "license": "MIT",
      "peerDependencies": {
        "@anio-software/enkore.js-runtime": ">=0.0.26",
        "@types/node": ">=22.7.x"
      }
    },
    "node_modules/@types/node": {
      "version": "24.0.3",
      "resolved": "https://registry.npmjs.org/@types/node/-/node-24.0.3.tgz",
      "integrity": "sha512-R4I/kzCYAdRLzfiCabn9hxWfbuHS573x+r0dJMkkzThEa7pbrcDWK+9zu3e7aBOouf+rQAciqPFMnxwr0aWgKg==",
      "dev": true,
      "license": "MIT",
      "peer": true,
      "dependencies": {
        "undici-types": "~7.8.0"
      }
    },
    "node_modules/undici-types": {
      "version": "7.8.0",
      "resolved": "https://registry.npmjs.org/undici-types/-/undici-types-7.8.0.tgz",
      "integrity": "sha512-9UJ2xGDvQ43tYyVMpuHlsgApydB8ZKfVYTsLDhXkFL/6gfkp+U8xTGdh8pMJv1SpZna0zxG1DwsKZsreLbXBxw==",
      "dev": true,
      "license": "MIT",
      "peer": true
    }
  }
}
